
Microsoft Visual Studio Solution File, Format Version 12.00
# Visual Studio Version 17
VisualStudioVersion = 17.7.34024.191
MinimumVisualStudioVersion = 10.0.40219.1
Project("{2150E333-8FDC-42A3-9474-1A3956D46DE8}") = "src", "src", "{22B37348-22FE-4898-B98B-CB76A48DEFA4}"
EndProject
Project("{2150E333-8FDC-42A3-9474-1A3956D46DE8}") = "tests", "tests", "{E331E2FE-5649-43F8-8987-E5527AA34FD7}"
EndProject
Project("{2150E333-8FDC-42A3-9474-1A3956D46DE8}") = "Solution Items", "Solution Items", "{79AD3AC9-7C08-4B3F-AD82-3FE2EA858359}"
	ProjectSection(SolutionItems) = preProject
		.dockerignore = .dockerignore
		.gitignore = .gitignore
		Directory.Build.props = Directory.Build.props
		Directory.Packages.props = Directory.Packages.props
		docker-compose.yml = docker-compose.yml
		README.md = README.md
	EndProjectSection
EndProject
Project("{9A19103F-16F7-4668-BE54-9A1E7A4F7556}") = "WebApi", "src\WebApi\WebApi.csproj", "{779B1889-8E54-4C6C-BBFB-1D849A4B6C3C}"
EndProject
Project("{2150E333-8FDC-42A3-9474-1A3956D46DE8}") = "Modules", "Modules", "{355E479D-280E-41DE-8131-1E0A6E0C9D4E}"
EndProject
Project("{2150E333-8FDC-42A3-9474-1A3956D46DE8}") = "Shared", "Shared", "{81E9D417-1CCE-4E35-B321-E479578D1F7D}"
EndProject
Project("{FAE04EC0-301F-11D3-BF4B-00C04F79EFBC}") = "Application", "src\Shared\Application\Application.csproj", "{53F13DDE-869A-4CD5-9C40-C044F418471E}"
EndProject
Project("{FAE04EC0-301F-11D3-BF4B-00C04F79EFBC}") = "Domain", "src\Shared\Domain\Domain.csproj", "{41C726DF-F2E9-46AC-879B-DF3F845B54A5}"
EndProject
Project("{FAE04EC0-301F-11D3-BF4B-00C04F79EFBC}") = "Endpoints", "src\Shared\Endpoints\Endpoints.csproj", "{EA04D2F8-1D7C-48B3-B5F3-1540335B659C}"
EndProject
Project("{FAE04EC0-301F-11D3-BF4B-00C04F79EFBC}") = "Infrastructure", "src\Shared\Infrastructure\Infrastructure.csproj", "{2C6405DA-445E-4977-8D24-157299FB2CF0}"
EndProject
Project("{FAE04EC0-301F-11D3-BF4B-00C04F79EFBC}") = "Persistence", "src\Shared\Persistence\Persistence.csproj", "{E56755D6-4E45-4DE2-9B0F-E70E2B4FA5A5}"
EndProject
Project("{FAE04EC0-301F-11D3-BF4B-00C04F79EFBC}") = "Contracts", "src\Shared\Contracts\Contracts.csproj", "{E1436E3C-AE30-4DEF-B845-83FE9BD9A823}"
EndProject
Project("{FAE04EC0-301F-11D3-BF4B-00C04F79EFBC}") = "Configuration.Persistence", "src\Shared\Configuration\Configuration.Persistence\Configuration.Persistence.csproj", "{850B3321-7293-461F-BCB7-C99FFD3A8A37}"
EndProject
Project("{FAE04EC0-301F-11D3-BF4B-00C04F79EFBC}") = "Authentication", "src\Shared\Authentication\Authentication.csproj", "{30C692E8-98D6-455E-B912-15033C97E2F8}"
EndProject
Project("{2150E333-8FDC-42A3-9474-1A3956D46DE8}") = "Identity", "Identity", "{5BA7BB50-9F62-4B47-A162-60424CD8DE9D}"
EndProject
Project("{FAE04EC0-301F-11D3-BF4B-00C04F79EFBC}") = "Modules.Identity.Persistence", "src\Modules\Identity\Modules.Identity.Persistence\Modules.Identity.Persistence.csproj", "{D0D2A9E5-7761-4159-B9CB-FCFF07609BAE}"
EndProject
Project("{FAE04EC0-301F-11D3-BF4B-00C04F79EFBC}") = "Modules.Identity.Infrastructure", "src\Modules\Identity\Modules.Identity.Infrastructure\Modules.Identity.Infrastructure.csproj", "{3FE5202A-37AB-4A1A-B926-017D605AAEBE}"
EndProject
Project("{FAE04EC0-301F-11D3-BF4B-00C04F79EFBC}") = "Modules.Identity.Migrator", "src\Modules\Identity\Modules.Identity.Migrator\Modules.Identity.Migrator.csproj", "{9CE361F3-69D4-4A7C-8C2B-BC4731DEB7B2}"
EndProject
Project("{FAE04EC0-301F-11D3-BF4B-00C04F79EFBC}") = "Modules.Identity.Domain", "src\Modules\Identity\Modules.Identity.Domain\Modules.Identity.Domain.csproj", "{23F3D58B-803C-4B58-AF97-51BAFA10CE6E}"
EndProject
Project("{2150E333-8FDC-42A3-9474-1A3956D46DE8}") = "Configuration", "Configuration", "{F9A54155-50B2-42B7-A448-81832BD18238}"
EndProject
Project("{FAE04EC0-301F-11D3-BF4B-00C04F79EFBC}") = "Modules.Configuration.Infrastructure", "src\Modules\Configuration\Modules.Configuration.Infrastructure\Modules.Configuration.Infrastructure.csproj", "{B1AE5D6E-7FF5-4F33-882C-2AABABF5F86F}"
EndProject
Project("{FAE04EC0-301F-11D3-BF4B-00C04F79EFBC}") = "Modules.Configuration.Migrator", "src\Modules\Configuration\Modules.Configuration.Migrator\Modules.Configuration.Migrator.csproj", "{1B381C2D-25B6-4658-8707-75509028FA7C}"
EndProject
Project("{2150E333-8FDC-42A3-9474-1A3956D46DE8}") = "Customer", "Customer", "{8F4A975C-8F5F-4453-8BCC-643017541070}"
EndProject
Project("{FAE04EC0-301F-11D3-BF4B-00C04F79EFBC}") = "Modules.Customer.Application", "src\Modules\Customer\Modules.Customer.Application\Modules.Customer.Application.csproj", "{AD53B60A-21CD-4726-9BE1-D461F60D72FF}"
EndProject
Project("{FAE04EC0-301F-11D3-BF4B-00C04F79EFBC}") = "Modules.Customer.Domain", "src\Modules\Customer\Modules.Customer.Domain\Modules.Customer.Domain.csproj", "{A14683FC-50E4-4983-A80E-9612F6C4A708}"
EndProject
Project("{FAE04EC0-301F-11D3-BF4B-00C04F79EFBC}") = "Modules.Customer.Endpoints", "src\Modules\Customer\Modules.Customer.Endpoints\Modules.Customer.Endpoints.csproj", "{924BB120-6DBC-4AEE-AC55-BF49FCBD527C}"
EndProject
Project("{FAE04EC0-301F-11D3-BF4B-00C04F79EFBC}") = "Modules.Customer.Infrastructure", "src\Modules\Customer\Modules.Customer.Infrastructure\Modules.Customer.Infrastructure.csproj", "{4133DF3E-557A-4977-9D9D-D3D920A74C59}"
EndProject
Project("{FAE04EC0-301F-11D3-BF4B-00C04F79EFBC}") = "Modules.Customer.Migrator", "src\Modules\Customer\Modules.Customer.Migrator\Modules.Customer.Migrator.csproj", "{3FFE213F-27E2-4B3F-85DE-597B074886A6}"
EndProject
Project("{FAE04EC0-301F-11D3-BF4B-00C04F79EFBC}") = "WebApi.Tests.Unit", "tests\WebApi.Tests.Unit\WebApi.Tests.Unit.csproj", "{20C15767-F84E-4C19-A578-21D8BFD9C6F8}"
EndProject
Project("{2150E333-8FDC-42A3-9474-1A3956D46DE8}") = "Modules", "Modules", "{C6687DBB-B71A-4AC1-B847-A5489F5893E8}"
EndProject
Project("{FAE04EC0-301F-11D3-BF4B-00C04F79EFBC}") = "Modules.Configuration.Endpoints.Tests.Unit", "tests\Modules\Configuration\Modules.Configuration.Endpoints.Tests.Unit\Modules.Configuration.Endpoints.Tests.Unit.csproj", "{383A9AF2-CBD6-49C1-AD78-056E55E17EF1}"
EndProject
Project("{FAE04EC0-301F-11D3-BF4B-00C04F79EFBC}") = "Modules.Customer.Application.Tests.Unit", "tests\Modules\Customer\Modules.Customer.Application.Tests.Unit\Modules.Customer.Application.Tests.Unit.csproj", "{CD7F139F-6069-4A41-A42D-DE884FB8BB40}"
EndProject
Project("{FAE04EC0-301F-11D3-BF4B-00C04F79EFBC}") = "Modules.Customer.Persistence", "src\Modules\Customer\Modules.Customer.Persistence\Modules.Customer.Persistence.csproj", "{A18D64EB-F240-4DCE-9AF9-317086F3DC74}"
EndProject
Project("{2150E333-8FDC-42A3-9474-1A3956D46DE8}") = "Tenant", "Tenant", "{02EA681E-C7D8-13C7-8484-4AC65E1B71E8}"
EndProject
Project("{FAE04EC0-301F-11D3-BF4B-00C04F79EFBC}") = "Modules.Tenant.Infrastructure", "src\Modules\Tenant\Modules.Tenant.Infrastructure\Modules.Tenant.Infrastructure.csproj", "{C59DB98C-4BDF-4347-A116-F0A9217FFB57}"
EndProject
Project("{FAE04EC0-301F-11D3-BF4B-00C04F79EFBC}") = "Modules.Tenant.Migrator", "src\Modules\Tenant\Modules.Tenant.Migrator\Modules.Tenant.Migrator.csproj", "{53261F1C-FB86-4EF5-9A3F-84129E4D5827}"
EndProject
Project("{FAE04EC0-301F-11D3-BF4B-00C04F79EFBC}") = "Modules.Tenant.Domain", "src\Modules\Tenant\Modules.Tenant.Domain\Modules.Tenant.Domain.csproj", "{DABB792B-7140-461B-8449-5051E53433F7}"
EndProject
Project("{FAE04EC0-301F-11D3-BF4B-00C04F79EFBC}") = "Modules.Identity.Endpoints", "src\Modules\Identity\Modules.Identity.Endpoints\Modules.Identity.Endpoints.csproj", "{37E6B2AE-7E64-405A-A557-0DD6ED80FDCA}"
EndProject
Project("{FAE04EC0-301F-11D3-BF4B-00C04F79EFBC}") = "Modules.Identity.Application", "src\Modules\Identity\Modules.Identity.Application\Modules.Identity.Application.csproj", "{C5EE51AA-E8E3-4423-A27A-522D75E64CEC}"
EndProject
Global
	GlobalSection(SolutionConfigurationPlatforms) = preSolution
		Debug|Any CPU = Debug|Any CPU
		Release|Any CPU = Release|Any CPU
	EndGlobalSection
	GlobalSection(ProjectConfigurationPlatforms) = postSolution
		{779B1889-8E54-4C6C-BBFB-1D849A4B6C3C}.Debug|Any CPU.ActiveCfg = Debug|Any CPU
		{779B1889-8E54-4C6C-BBFB-1D849A4B6C3C}.Debug|Any CPU.Build.0 = Debug|Any CPU
		{779B1889-8E54-4C6C-BBFB-1D849A4B6C3C}.Release|Any CPU.ActiveCfg = Release|Any CPU
		{779B1889-8E54-4C6C-BBFB-1D849A4B6C3C}.Release|Any CPU.Build.0 = Release|Any CPU
		{53F13DDE-869A-4CD5-9C40-C044F418471E}.Debug|Any CPU.ActiveCfg = Debug|Any CPU
		{53F13DDE-869A-4CD5-9C40-C044F418471E}.Debug|Any CPU.Build.0 = Debug|Any CPU
		{53F13DDE-869A-4CD5-9C40-C044F418471E}.Release|Any CPU.ActiveCfg = Release|Any CPU
		{53F13DDE-869A-4CD5-9C40-C044F418471E}.Release|Any CPU.Build.0 = Release|Any CPU
		{41C726DF-F2E9-46AC-879B-DF3F845B54A5}.Debug|Any CPU.ActiveCfg = Debug|Any CPU
		{41C726DF-F2E9-46AC-879B-DF3F845B54A5}.Debug|Any CPU.Build.0 = Debug|Any CPU
		{41C726DF-F2E9-46AC-879B-DF3F845B54A5}.Release|Any CPU.ActiveCfg = Release|Any CPU
		{41C726DF-F2E9-46AC-879B-DF3F845B54A5}.Release|Any CPU.Build.0 = Release|Any CPU
		{EA04D2F8-1D7C-48B3-B5F3-1540335B659C}.Debug|Any CPU.ActiveCfg = Debug|Any CPU
		{EA04D2F8-1D7C-48B3-B5F3-1540335B659C}.Debug|Any CPU.Build.0 = Debug|Any CPU
		{EA04D2F8-1D7C-48B3-B5F3-1540335B659C}.Release|Any CPU.ActiveCfg = Release|Any CPU
		{EA04D2F8-1D7C-48B3-B5F3-1540335B659C}.Release|Any CPU.Build.0 = Release|Any CPU
		{2C6405DA-445E-4977-8D24-157299FB2CF0}.Debug|Any CPU.ActiveCfg = Debug|Any CPU
		{2C6405DA-445E-4977-8D24-157299FB2CF0}.Debug|Any CPU.Build.0 = Debug|Any CPU
		{2C6405DA-445E-4977-8D24-157299FB2CF0}.Release|Any CPU.ActiveCfg = Release|Any CPU
		{2C6405DA-445E-4977-8D24-157299FB2CF0}.Release|Any CPU.Build.0 = Release|Any CPU
		{E56755D6-4E45-4DE2-9B0F-E70E2B4FA5A5}.Debug|Any CPU.ActiveCfg = Debug|Any CPU
		{E56755D6-4E45-4DE2-9B0F-E70E2B4FA5A5}.Debug|Any CPU.Build.0 = Debug|Any CPU
		{E56755D6-4E45-4DE2-9B0F-E70E2B4FA5A5}.Release|Any CPU.ActiveCfg = Release|Any CPU
		{E56755D6-4E45-4DE2-9B0F-E70E2B4FA5A5}.Release|Any CPU.Build.0 = Release|Any CPU
		{E1436E3C-AE30-4DEF-B845-83FE9BD9A823}.Debug|Any CPU.ActiveCfg = Debug|Any CPU
		{E1436E3C-AE30-4DEF-B845-83FE9BD9A823}.Debug|Any CPU.Build.0 = Debug|Any CPU
		{E1436E3C-AE30-4DEF-B845-83FE9BD9A823}.Release|Any CPU.ActiveCfg = Release|Any CPU
		{E1436E3C-AE30-4DEF-B845-83FE9BD9A823}.Release|Any CPU.Build.0 = Release|Any CPU
		{850B3321-7293-461F-BCB7-C99FFD3A8A37}.Debug|Any CPU.ActiveCfg = Debug|Any CPU
		{850B3321-7293-461F-BCB7-C99FFD3A8A37}.Debug|Any CPU.Build.0 = Debug|Any CPU
		{850B3321-7293-461F-BCB7-C99FFD3A8A37}.Release|Any CPU.ActiveCfg = Release|Any CPU
		{850B3321-7293-461F-BCB7-C99FFD3A8A37}.Release|Any CPU.Build.0 = Release|Any CPU
		{30C692E8-98D6-455E-B912-15033C97E2F8}.Debug|Any CPU.ActiveCfg = Debug|Any CPU
		{30C692E8-98D6-455E-B912-15033C97E2F8}.Debug|Any CPU.Build.0 = Debug|Any CPU
		{30C692E8-98D6-455E-B912-15033C97E2F8}.Release|Any CPU.ActiveCfg = Release|Any CPU
		{30C692E8-98D6-455E-B912-15033C97E2F8}.Release|Any CPU.Build.0 = Release|Any CPU
		{D0D2A9E5-7761-4159-B9CB-FCFF07609BAE}.Debug|Any CPU.ActiveCfg = Debug|Any CPU
		{D0D2A9E5-7761-4159-B9CB-FCFF07609BAE}.Debug|Any CPU.Build.0 = Debug|Any CPU
		{D0D2A9E5-7761-4159-B9CB-FCFF07609BAE}.Release|Any CPU.ActiveCfg = Release|Any CPU
		{D0D2A9E5-7761-4159-B9CB-FCFF07609BAE}.Release|Any CPU.Build.0 = Release|Any CPU
		{3FE5202A-37AB-4A1A-B926-017D605AAEBE}.Debug|Any CPU.ActiveCfg = Debug|Any CPU
		{3FE5202A-37AB-4A1A-B926-017D605AAEBE}.Debug|Any CPU.Build.0 = Debug|Any CPU
		{3FE5202A-37AB-4A1A-B926-017D605AAEBE}.Release|Any CPU.ActiveCfg = Release|Any CPU
		{3FE5202A-37AB-4A1A-B926-017D605AAEBE}.Release|Any CPU.Build.0 = Release|Any CPU
		{9CE361F3-69D4-4A7C-8C2B-BC4731DEB7B2}.Debug|Any CPU.ActiveCfg = Debug|Any CPU
		{9CE361F3-69D4-4A7C-8C2B-BC4731DEB7B2}.Debug|Any CPU.Build.0 = Debug|Any CPU
		{9CE361F3-69D4-4A7C-8C2B-BC4731DEB7B2}.Release|Any CPU.ActiveCfg = Release|Any CPU
		{9CE361F3-69D4-4A7C-8C2B-BC4731DEB7B2}.Release|Any CPU.Build.0 = Release|Any CPU
		{23F3D58B-803C-4B58-AF97-51BAFA10CE6E}.Debug|Any CPU.ActiveCfg = Debug|Any CPU
		{23F3D58B-803C-4B58-AF97-51BAFA10CE6E}.Debug|Any CPU.Build.0 = Debug|Any CPU
		{23F3D58B-803C-4B58-AF97-51BAFA10CE6E}.Release|Any CPU.ActiveCfg = Release|Any CPU
		{23F3D58B-803C-4B58-AF97-51BAFA10CE6E}.Release|Any CPU.Build.0 = Release|Any CPU
		{B1AE5D6E-7FF5-4F33-882C-2AABABF5F86F}.Debug|Any CPU.ActiveCfg = Debug|Any CPU
		{B1AE5D6E-7FF5-4F33-882C-2AABABF5F86F}.Debug|Any CPU.Build.0 = Debug|Any CPU
		{B1AE5D6E-7FF5-4F33-882C-2AABABF5F86F}.Release|Any CPU.ActiveCfg = Release|Any CPU
		{B1AE5D6E-7FF5-4F33-882C-2AABABF5F86F}.Release|Any CPU.Build.0 = Release|Any CPU
		{1B381C2D-25B6-4658-8707-75509028FA7C}.Debug|Any CPU.ActiveCfg = Debug|Any CPU
		{1B381C2D-25B6-4658-8707-75509028FA7C}.Debug|Any CPU.Build.0 = Debug|Any CPU
		{1B381C2D-25B6-4658-8707-75509028FA7C}.Release|Any CPU.ActiveCfg = Release|Any CPU
		{1B381C2D-25B6-4658-8707-75509028FA7C}.Release|Any CPU.Build.0 = Release|Any CPU
		{AD53B60A-21CD-4726-9BE1-D461F60D72FF}.Debug|Any CPU.ActiveCfg = Debug|Any CPU
		{AD53B60A-21CD-4726-9BE1-D461F60D72FF}.Debug|Any CPU.Build.0 = Debug|Any CPU
		{AD53B60A-21CD-4726-9BE1-D461F60D72FF}.Release|Any CPU.ActiveCfg = Release|Any CPU
		{AD53B60A-21CD-4726-9BE1-D461F60D72FF}.Release|Any CPU.Build.0 = Release|Any CPU
		{A14683FC-50E4-4983-A80E-9612F6C4A708}.Debug|Any CPU.ActiveCfg = Debug|Any CPU
		{A14683FC-50E4-4983-A80E-9612F6C4A708}.Debug|Any CPU.Build.0 = Debug|Any CPU
		{A14683FC-50E4-4983-A80E-9612F6C4A708}.Release|Any CPU.ActiveCfg = Release|Any CPU
		{A14683FC-50E4-4983-A80E-9612F6C4A708}.Release|Any CPU.Build.0 = Release|Any CPU
		{924BB120-6DBC-4AEE-AC55-BF49FCBD527C}.Debug|Any CPU.ActiveCfg = Debug|Any CPU
		{924BB120-6DBC-4AEE-AC55-BF49FCBD527C}.Debug|Any CPU.Build.0 = Debug|Any CPU
		{924BB120-6DBC-4AEE-AC55-BF49FCBD527C}.Release|Any CPU.ActiveCfg = Release|Any CPU
		{924BB120-6DBC-4AEE-AC55-BF49FCBD527C}.Release|Any CPU.Build.0 = Release|Any CPU
		{4133DF3E-557A-4977-9D9D-D3D920A74C59}.Debug|Any CPU.ActiveCfg = Debug|Any CPU
		{4133DF3E-557A-4977-9D9D-D3D920A74C59}.Debug|Any CPU.Build.0 = Debug|Any CPU
		{4133DF3E-557A-4977-9D9D-D3D920A74C59}.Release|Any CPU.ActiveCfg = Release|Any CPU
		{4133DF3E-557A-4977-9D9D-D3D920A74C59}.Release|Any CPU.Build.0 = Release|Any CPU
		{3FFE213F-27E2-4B3F-85DE-597B074886A6}.Debug|Any CPU.ActiveCfg = Debug|Any CPU
		{3FFE213F-27E2-4B3F-85DE-597B074886A6}.Debug|Any CPU.Build.0 = Debug|Any CPU
		{3FFE213F-27E2-4B3F-85DE-597B074886A6}.Release|Any CPU.ActiveCfg = Release|Any CPU
		{3FFE213F-27E2-4B3F-85DE-597B074886A6}.Release|Any CPU.Build.0 = Release|Any CPU
		{20C15767-F84E-4C19-A578-21D8BFD9C6F8}.Debug|Any CPU.ActiveCfg = Debug|Any CPU
		{20C15767-F84E-4C19-A578-21D8BFD9C6F8}.Debug|Any CPU.Build.0 = Debug|Any CPU
		{20C15767-F84E-4C19-A578-21D8BFD9C6F8}.Release|Any CPU.ActiveCfg = Release|Any CPU
		{20C15767-F84E-4C19-A578-21D8BFD9C6F8}.Release|Any CPU.Build.0 = Release|Any CPU
		{383A9AF2-CBD6-49C1-AD78-056E55E17EF1}.Debug|Any CPU.ActiveCfg = Debug|Any CPU
		{383A9AF2-CBD6-49C1-AD78-056E55E17EF1}.Debug|Any CPU.Build.0 = Debug|Any CPU
		{383A9AF2-CBD6-49C1-AD78-056E55E17EF1}.Release|Any CPU.ActiveCfg = Release|Any CPU
                {383A9AF2-CBD6-49C1-AD78-056E55E17EF1}.Release|Any CPU.Build.0 = Release|Any CPU
                {CD7F139F-6069-4A41-A42D-DE884FB8BB40}.Debug|Any CPU.ActiveCfg = Debug|Any CPU
                {CD7F139F-6069-4A41-A42D-DE884FB8BB40}.Debug|Any CPU.Build.0 = Debug|Any CPU
                {CD7F139F-6069-4A41-A42D-DE884FB8BB40}.Release|Any CPU.ActiveCfg = Release|Any CPU
                {CD7F139F-6069-4A41-A42D-DE884FB8BB40}.Release|Any CPU.Build.0 = Release|Any CPU
                {A18D64EB-F240-4DCE-9AF9-317086F3DC74}.Debug|Any CPU.ActiveCfg = Debug|Any CPU
		{A18D64EB-F240-4DCE-9AF9-317086F3DC74}.Debug|Any CPU.Build.0 = Debug|Any CPU
		{A18D64EB-F240-4DCE-9AF9-317086F3DC74}.Release|Any CPU.ActiveCfg = Release|Any CPU
		{A18D64EB-F240-4DCE-9AF9-317086F3DC74}.Release|Any CPU.Build.0 = Release|Any CPU
		{C59DB98C-4BDF-4347-A116-F0A9217FFB57}.Debug|Any CPU.ActiveCfg = Debug|Any CPU
		{C59DB98C-4BDF-4347-A116-F0A9217FFB57}.Debug|Any CPU.Build.0 = Debug|Any CPU
		{C59DB98C-4BDF-4347-A116-F0A9217FFB57}.Release|Any CPU.ActiveCfg = Release|Any CPU
		{C59DB98C-4BDF-4347-A116-F0A9217FFB57}.Release|Any CPU.Build.0 = Release|Any CPU
		{53261F1C-FB86-4EF5-9A3F-84129E4D5827}.Debug|Any CPU.ActiveCfg = Debug|Any CPU
		{53261F1C-FB86-4EF5-9A3F-84129E4D5827}.Debug|Any CPU.Build.0 = Debug|Any CPU
		{53261F1C-FB86-4EF5-9A3F-84129E4D5827}.Release|Any CPU.ActiveCfg = Release|Any CPU
		{53261F1C-FB86-4EF5-9A3F-84129E4D5827}.Release|Any CPU.Build.0 = Release|Any CPU
		{DABB792B-7140-461B-8449-5051E53433F7}.Debug|Any CPU.ActiveCfg = Debug|Any CPU
		{DABB792B-7140-461B-8449-5051E53433F7}.Debug|Any CPU.Build.0 = Debug|Any CPU
		{DABB792B-7140-461B-8449-5051E53433F7}.Release|Any CPU.ActiveCfg = Release|Any CPU
		{DABB792B-7140-461B-8449-5051E53433F7}.Release|Any CPU.Build.0 = Release|Any CPU
		{37E6B2AE-7E64-405A-A557-0DD6ED80FDCA}.Debug|Any CPU.ActiveCfg = Debug|Any CPU
		{37E6B2AE-7E64-405A-A557-0DD6ED80FDCA}.Debug|Any CPU.Build.0 = Debug|Any CPU
		{37E6B2AE-7E64-405A-A557-0DD6ED80FDCA}.Release|Any CPU.ActiveCfg = Release|Any CPU
		{37E6B2AE-7E64-405A-A557-0DD6ED80FDCA}.Release|Any CPU.Build.0 = Release|Any CPU
		{C5EE51AA-E8E3-4423-A27A-522D75E64CEC}.Debug|Any CPU.ActiveCfg = Debug|Any CPU
		{C5EE51AA-E8E3-4423-A27A-522D75E64CEC}.Debug|Any CPU.Build.0 = Debug|Any CPU
		{C5EE51AA-E8E3-4423-A27A-522D75E64CEC}.Release|Any CPU.ActiveCfg = Release|Any CPU
		{C5EE51AA-E8E3-4423-A27A-522D75E64CEC}.Release|Any CPU.Build.0 = Release|Any CPU
	EndGlobalSection
	GlobalSection(SolutionProperties) = preSolution
		HideSolutionNode = FALSE
	EndGlobalSection
	GlobalSection(NestedProjects) = preSolution
		{779B1889-8E54-4C6C-BBFB-1D849A4B6C3C} = {22B37348-22FE-4898-B98B-CB76A48DEFA4}
		{355E479D-280E-41DE-8131-1E0A6E0C9D4E} = {22B37348-22FE-4898-B98B-CB76A48DEFA4}
		{81E9D417-1CCE-4E35-B321-E479578D1F7D} = {22B37348-22FE-4898-B98B-CB76A48DEFA4}
		{53F13DDE-869A-4CD5-9C40-C044F418471E} = {81E9D417-1CCE-4E35-B321-E479578D1F7D}
		{41C726DF-F2E9-46AC-879B-DF3F845B54A5} = {81E9D417-1CCE-4E35-B321-E479578D1F7D}
		{EA04D2F8-1D7C-48B3-B5F3-1540335B659C} = {81E9D417-1CCE-4E35-B321-E479578D1F7D}
		{2C6405DA-445E-4977-8D24-157299FB2CF0} = {81E9D417-1CCE-4E35-B321-E479578D1F7D}
		{E56755D6-4E45-4DE2-9B0F-E70E2B4FA5A5} = {81E9D417-1CCE-4E35-B321-E479578D1F7D}
		{E1436E3C-AE30-4DEF-B845-83FE9BD9A823} = {81E9D417-1CCE-4E35-B321-E479578D1F7D}
		{850B3321-7293-461F-BCB7-C99FFD3A8A37} = {81E9D417-1CCE-4E35-B321-E479578D1F7D}
		{30C692E8-98D6-455E-B912-15033C97E2F8} = {81E9D417-1CCE-4E35-B321-E479578D1F7D}
		{5BA7BB50-9F62-4B47-A162-60424CD8DE9D} = {355E479D-280E-41DE-8131-1E0A6E0C9D4E}
		{D0D2A9E5-7761-4159-B9CB-FCFF07609BAE} = {5BA7BB50-9F62-4B47-A162-60424CD8DE9D}
		{3FE5202A-37AB-4A1A-B926-017D605AAEBE} = {5BA7BB50-9F62-4B47-A162-60424CD8DE9D}
		{9CE361F3-69D4-4A7C-8C2B-BC4731DEB7B2} = {5BA7BB50-9F62-4B47-A162-60424CD8DE9D}
		{23F3D58B-803C-4B58-AF97-51BAFA10CE6E} = {5BA7BB50-9F62-4B47-A162-60424CD8DE9D}
		{F9A54155-50B2-42B7-A448-81832BD18238} = {355E479D-280E-41DE-8131-1E0A6E0C9D4E}
		{B1AE5D6E-7FF5-4F33-882C-2AABABF5F86F} = {F9A54155-50B2-42B7-A448-81832BD18238}
		{1B381C2D-25B6-4658-8707-75509028FA7C} = {F9A54155-50B2-42B7-A448-81832BD18238}
		{8F4A975C-8F5F-4453-8BCC-643017541070} = {355E479D-280E-41DE-8131-1E0A6E0C9D4E}
		{AD53B60A-21CD-4726-9BE1-D461F60D72FF} = {8F4A975C-8F5F-4453-8BCC-643017541070}
		{A14683FC-50E4-4983-A80E-9612F6C4A708} = {8F4A975C-8F5F-4453-8BCC-643017541070}
		{924BB120-6DBC-4AEE-AC55-BF49FCBD527C} = {8F4A975C-8F5F-4453-8BCC-643017541070}
		{4133DF3E-557A-4977-9D9D-D3D920A74C59} = {8F4A975C-8F5F-4453-8BCC-643017541070}
		{3FFE213F-27E2-4B3F-85DE-597B074886A6} = {8F4A975C-8F5F-4453-8BCC-643017541070}
		{20C15767-F84E-4C19-A578-21D8BFD9C6F8} = {E331E2FE-5649-43F8-8987-E5527AA34FD7}
		{C6687DBB-B71A-4AC1-B847-A5489F5893E8} = {E331E2FE-5649-43F8-8987-E5527AA34FD7}
                {383A9AF2-CBD6-49C1-AD78-056E55E17EF1} = {C6687DBB-B71A-4AC1-B847-A5489F5893E8}
                {CD7F139F-6069-4A41-A42D-DE884FB8BB40} = {C6687DBB-B71A-4AC1-B847-A5489F5893E8}
                {A18D64EB-F240-4DCE-9AF9-317086F3DC74} = {8F4A975C-8F5F-4453-8BCC-643017541070}
		{02EA681E-C7D8-13C7-8484-4AC65E1B71E8} = {355E479D-280E-41DE-8131-1E0A6E0C9D4E}
		{C59DB98C-4BDF-4347-A116-F0A9217FFB57} = {02EA681E-C7D8-13C7-8484-4AC65E1B71E8}
		{53261F1C-FB86-4EF5-9A3F-84129E4D5827} = {02EA681E-C7D8-13C7-8484-4AC65E1B71E8}
		{DABB792B-7140-461B-8449-5051E53433F7} = {02EA681E-C7D8-13C7-8484-4AC65E1B71E8}
		{37E6B2AE-7E64-405A-A557-0DD6ED80FDCA} = {5BA7BB50-9F62-4B47-A162-60424CD8DE9D}
		{C5EE51AA-E8E3-4423-A27A-522D75E64CEC} = {5BA7BB50-9F62-4B47-A162-60424CD8DE9D}
	EndGlobalSection
	GlobalSection(ExtensibilityGlobals) = postSolution
		SolutionGuid = {1C88D193-BE84-48BF-A178-1678B810A4B7}
	EndGlobalSection
EndGlobal
